
Microsoft Visual Studio Solution File, Format Version 12.00
# Visual Studio Version 17
VisualStudioVersion = 17.3.32901.215
MinimumVisualStudioVersion = 10.0.40219.1
Project("{FAE04EC0-301F-11D3-BF4B-00C04F79EFBC}") = "OrderProcessingFromFlatFile", "OrderProcessingFromFlatFile\OrderProcessingFromFlatFile.csproj", "{58E18DCF-03E8-40B6-837D-7E351E78BA90}"
EndProject
Project("{FAE04EC0-301F-11D3-BF4B-00C04F79EFBC}") = "OrderProcessingTest", "OrderProcessingTest\OrderProcessingTest.csproj", "{D4A703D3-60BF-470C-B973-F6EABB39AF02}"
EndProject
Global
	GlobalSection(SolutionConfigurationPlatforms) = preSolution
		Debug|Any CPU = Debug|Any CPU
		Release|Any CPU = Release|Any CPU
	EndGlobalSection
	GlobalSection(ProjectConfigurationPlatforms) = postSolution
		{58E18DCF-03E8-40B6-837D-7E351E78BA90}.Debug|Any CPU.ActiveCfg = Debug|Any CPU
		{58E18DCF-03E8-40B6-837D-7E351E78BA90}.Debug|Any CPU.Build.0 = Debug|Any CPU
		{58E18DCF-03E8-40B6-837D-7E351E78BA90}.Release|Any CPU.ActiveCfg = Release|Any CPU
		{58E18DCF-03E8-40B6-837D-7E351E78BA90}.Release|Any CPU.Build.0 = Release|Any CPU
		{D4A703D3-60BF-470C-B973-F6EABB39AF02}.Debug|Any CPU.ActiveCfg = Debug|Any CPU
		{D4A703D3-60BF-470C-B973-F6EABB39AF02}.Debug|Any CPU.Build.0 = Debug|Any CPU
		{D4A703D3-60BF-470C-B973-F6EABB39AF02}.Release|Any CPU.ActiveCfg = Release|Any CPU
		{D4A703D3-60BF-470C-B973-F6EABB39AF02}.Release|Any CPU.Build.0 = Release|Any CPU
	EndGlobalSection
	GlobalSection(SolutionProperties) = preSolution
		HideSolutionNode = FALSE
	EndGlobalSection
	GlobalSection(ExtensibilityGlobals) = postSolution
		SolutionGuid = {6E2A3F46-0F2D-4CD6-A4F6-DB7AC3F34696}
	EndGlobalSection
EndGlobal
